{
  "name": "health-manager-patient-wechat_v2",
  "lockfileVersion": 2,
  "requires": true,
  "packages": {
    "": {
      "dependencies": {
        "@vant/weapp": "^1.7.2",
        "dayjs": "^1.10.6",
        "tim-upload-plugin": "^1.0.5",
        "tim-wx-sdk": "^2.22.1"
      },
      "devDependencies": {
        "@vant/area-data": "^1.1.1"
      }
    },
    "node_modules/@vant/area-data": {
      "version": "1.1.1",
      "resolved": "https://r.cnpmjs.org/@vant/area-data/download/@vant/area-data-1.1.1.tgz",
      "integrity": "sha1-uaz4qATA1g9yG2kAaAKZQisAaxo=",
      "dev": true
    },
    "node_modules/@vant/weapp": {
      "version": "1.7.2",
      "resolved": "https://r.cnpmjs.org/@vant/weapp/download/@vant/weapp-1.7.2.tgz",
      "integrity": "sha1-+0BI8zX9lGWF0fEtWlvrUvvJGpw="
    },
    "node_modules/dayjs": {
      "version": "1.10.6",
      "resolved": "https://r.cnpmjs.org/dayjs/download/dayjs-1.10.6.tgz",
      "integrity": "sha1-KIsqqC8thBimydTfWJjAc3rQKmM="
    },
    "node_modules/tim-upload-plugin": {
      "version": "1.0.5",
      "resolved": "https://r.cnpmjs.org/tim-upload-plugin/-/tim-upload-plugin-1.0.5.tgz",
      "integrity": "sha512-GFxo3l60Os/p8rlg1THMcdjIiee7/IyeOTUJ4cwMBgRMxFoxFUmXmKoIS2207+r5F8ai3HqyRZOfiNfcHYrbZw=="
    },
    "node_modules/tim-wx-sdk": {
      "version": "2.22.1",
      "resolved": "https://r.cnpmjs.org/tim-wx-sdk/-/tim-wx-sdk-2.22.1.tgz",
      "integrity": "sha512-KES+gLvAENLzeuzAxfb36g+Ftgvu5EdOHdAElcSv062SyADwd+mYP6K2Ewm0eKXS/cLDwKitXg/wMIdB1tHtlg=="
    }
  },
  "dependencies": {
    "@vant/area-data": {
      "version": "1.1.1",
      "resolved": "https://r.cnpmjs.org/@vant/area-data/download/@vant/area-data-1.1.1.tgz",
      "integrity": "sha1-uaz4qATA1g9yG2kAaAKZQisAaxo=",
      "dev": true
    },
    "@vant/weapp": {
      "version": "1.7.2",
      "resolved": "https://r.cnpmjs.org/@vant/weapp/download/@vant/weapp-1.7.2.tgz",
      "integrity": "sha1-+0BI8zX9lGWF0fEtWlvrUvvJGpw="
    },
    "dayjs": {
      "version": "1.10.6",
      "resolved": "https://r.cnpmjs.org/dayjs/download/dayjs-1.10.6.tgz",
      "integrity": "sha1-KIsqqC8thBimydTfWJjAc3rQKmM="
    },
    "tim-upload-plugin": {
      "version": "1.0.5",
      "resolved": "https://r.cnpmjs.org/tim-upload-plugin/-/tim-upload-plugin-1.0.5.tgz",
      "integrity": "sha512-GFxo3l60Os/p8rlg1THMcdjIiee7/IyeOTUJ4cwMBgRMxFoxFUmXmKoIS2207+r5F8ai3HqyRZOfiNfcHYrbZw=="
    },
    "tim-wx-sdk": {
      "version": "2.22.1",
      "resolved": "https://r.cnpmjs.org/tim-wx-sdk/-/tim-wx-sdk-2.22.1.tgz",
      "integrity": "sha512-KES+gLvAENLzeuzAxfb36g+Ftgvu5EdOHdAElcSv062SyADwd+mYP6K2Ewm0eKXS/cLDwKitXg/wMIdB1tHtlg=="
    }
  }
}
